
Microsoft Visual Studio Solution File, Format Version 12.00
# Visual Studio Version 17
VisualStudioVersion = 17.2.32526.322
MinimumVisualStudioVersion = 10.0.40219.1
Project("{9E7AAFE8-52FF-434E-A32D-4E8DD5209295}") = "fmp-xtc-hotspot2d-lib-mvcs", "fmp-xtc-hotspot2d-lib-mvcs\fmp-xtc-hotspot2d-lib-mvcs.csproj", "{ABDD6528-5C2B-467C-AD83-5AF3832579D3}"
EndProject
Project("{9E7AAFE8-52FF-434E-A32D-4E8DD5209295}") = "fmp-xtc-hotspot2d-lib-mvcs_Test", "fmp-xtc-hotspot2d-lib-mvcs_Test\fmp-xtc-hotspot2d-lib-mvcs_Test.csproj", "{496047F2-DDBF-4F6E-96A6-395654E51A1B}"
EndProject
Project("{9E7AAFE8-52FF-434E-A32D-4E8DD5209295}") = "fmp-xtc-hotspot2d-lib-proto", "fmp-xtc-hotspot2d-lib-proto\fmp-xtc-hotspot2d-lib-proto.csproj", "{5EC0D3D0-2251-44D9-9D2E-030FA393518D}"
EndProject
Project("{9E7AAFE8-52FF-434E-A32D-4E8DD5209295}") = "fmp-xtc-hotspot2d-lib-bridge", "fmp-xtc-hotspot2d-lib-bridge\fmp-xtc-hotspot2d-lib-bridge.csproj", "{5A12DF40-37D9-40DD-A389-81113ECD75C6}"
EndProject
Project("{9E7AAFE8-52FF-434E-A32D-4E8DD5209295}") = "fmp-xtc-hotspot2d-lib-razor", "fmp-xtc-hotspot2d-lib-razor\fmp-xtc-hotspot2d-lib-razor.csproj", "{13DDEE21-E061-4398-9692-6F70DCC47ABA}"
EndProject
Project("{9E7AAFE8-52FF-434E-A32D-4E8DD5209295}") = "fmp-xtc-hotspot2d-service-grpc", "fmp-xtc-hotspot2d-service-grpc\fmp-xtc-hotspot2d-service-grpc.csproj", "{732B076F-2958-4607-94F4-83B61F77B912}"
EndProject
Project("{9E7AAFE8-52FF-434E-A32D-4E8DD5209295}") = "fmp-xtc-hotspot2d-service-grpc_Test", "fmp-xtc-hotspot2d-service-grpc_Test\fmp-xtc-hotspot2d-service-grpc_Test.csproj", "{2E60F490-6C41-4154-BF64-0630119C67E0}"
EndProject
Project("{9E7AAFE8-52FF-434E-A32D-4E8DD5209295}") = "fmp-xtc-hotspot2d-web-blazor", "fmp-xtc-hotspot2d-web-blazor\fmp-xtc-hotspot2d-web-blazor.csproj", "{40DA6B0E-976C-458A-915E-BE5E65341F67}"
EndProject
Global
	GlobalSection(SolutionConfigurationPlatforms) = preSolution
		Debug|Any CPU = Debug|Any CPU
		Release|Any CPU = Release|Any CPU
	EndGlobalSection
	GlobalSection(ProjectConfigurationPlatforms) = postSolution
                {ABDD6528-5C2B-467C-AD83-5AF3832579D3}.Debug|Any CPU.ActiveCfg = Debug|Any CPU
		{ABDD6528-5C2B-467C-AD83-5AF3832579D3}.Debug|Any CPU.Build.0 = Debug|Any CPU
		{ABDD6528-5C2B-467C-AD83-5AF3832579D3}.Release|Any CPU.ActiveCfg = Release|Any CPU
		{ABDD6528-5C2B-467C-AD83-5AF3832579D3}.Release|Any CPU.Build.0 = Release|Any CPU
		{496047F2-DDBF-4F6E-96A6-395654E51A1B}.Debug|Any CPU.ActiveCfg = Debug|Any CPU
		{496047F2-DDBF-4F6E-96A6-395654E51A1B}.Debug|Any CPU.Build.0 = Debug|Any CPU
		{496047F2-DDBF-4F6E-96A6-395654E51A1B}.Release|Any CPU.ActiveCfg = Release|Any CPU
		{496047F2-DDBF-4F6E-96A6-395654E51A1B}.Release|Any CPU.Build.0 = Release|Any CPU
		{5EC0D3D0-2251-44D9-9D2E-030FA393518D}.Debug|Any CPU.ActiveCfg = Debug|Any CPU
		{5EC0D3D0-2251-44D9-9D2E-030FA393518D}.Debug|Any CPU.Build.0 = Debug|Any CPU
		{5EC0D3D0-2251-44D9-9D2E-030FA393518D}.Release|Any CPU.ActiveCfg = Release|Any CPU
		{5EC0D3D0-2251-44D9-9D2E-030FA393518D}.Release|Any CPU.Build.0 = Release|Any CPU
		{732B076F-2958-4607-94F4-83B61F77B912}.Debug|Any CPU.ActiveCfg = Debug|Any CPU
		{732B076F-2958-4607-94F4-83B61F77B912}.Debug|Any CPU.Build.0 = Debug|Any CPU
		{732B076F-2958-4607-94F4-83B61F77B912}.Release|Any CPU.ActiveCfg = Release|Any CPU
		{732B076F-2958-4607-94F4-83B61F77B912}.Release|Any CPU.Build.0 = Release|Any CPU
		{5A12DF40-37D9-40DD-A389-81113ECD75C6}.Debug|Any CPU.ActiveCfg = Debug|Any CPU
		{5A12DF40-37D9-40DD-A389-81113ECD75C6}.Debug|Any CPU.Build.0 = Debug|Any CPU
		{5A12DF40-37D9-40DD-A389-81113ECD75C6}.Release|Any CPU.ActiveCfg = Release|Any CPU
		{5A12DF40-37D9-40DD-A389-81113ECD75C6}.Release|Any CPU.Build.0 = Release|Any CPU
		{40DA6B0E-976C-458A-915E-BE5E65341F67}.Debug|Any CPU.ActiveCfg = Debug|Any CPU
		{40DA6B0E-976C-458A-915E-BE5E65341F67}.Debug|Any CPU.Build.0 = Debug|Any CPU
		{40DA6B0E-976C-458A-915E-BE5E65341F67}.Release|Any CPU.ActiveCfg = Release|Any CPU
		{40DA6B0E-976C-458A-915E-BE5E65341F67}.Release|Any CPU.Build.0 = Release|Any CPU
		{13DDEE21-E061-4398-9692-6F70DCC47ABA}.Debug|Any CPU.ActiveCfg = Debug|Any CPU
		{13DDEE21-E061-4398-9692-6F70DCC47ABA}.Debug|Any CPU.Build.0 = Debug|Any CPU
		{13DDEE21-E061-4398-9692-6F70DCC47ABA}.Release|Any CPU.ActiveCfg = Release|Any CPU
		{13DDEE21-E061-4398-9692-6F70DCC47ABA}.Release|Any CPU.Build.0 = Release|Any CPU
		{2E60F490-6C41-4154-BF64-0630119C67E0}.Debug|Any CPU.ActiveCfg = Debug|Any CPU
		{2E60F490-6C41-4154-BF64-0630119C67E0}.Debug|Any CPU.Build.0 = Debug|Any CPU
		{2E60F490-6C41-4154-BF64-0630119C67E0}.Release|Any CPU.ActiveCfg = Release|Any CPU
		{2E60F490-6C41-4154-BF64-0630119C67E0}.Release|Any CPU.Build.0 = Release|Any CPU
	EndGlobalSection
	GlobalSection(SolutionProperties) = preSolution
		HideSolutionNode = FALSE
	EndGlobalSection
	GlobalSection(ExtensibilityGlobals) = postSolution
		SolutionGuid = {9E7AAFE8-52FF-434E-A32D-4E8DD5209295}
	EndGlobalSection
EndGlobal
